[root]
name = "ferrum"
version = "0.0.1"
dependencies = [
 "getopts 0.2.0 (registry+https://github.com/rust-lang/crates.io-index)",
 "log 0.2.1 (registry+https://github.com/rust-lang/crates.io-index)",
 "peg 0.1.5 (registry+https://github.com/rust-lang/crates.io-index)",
 "rust-mustache 0.3.0 (git+https://github.com/nickel-org/rust-mustache)",
]

[[package]]
name = "getopts"
version = "0.2.0"
source = "registry+https://github.com/rust-lang/crates.io-index"

[[package]]
name = "log"
version = "0.2.1"
source = "registry+https://github.com/rust-lang/crates.io-index"

[[package]]
name = "peg"
version = "0.1.5"
source = "registry+https://github.com/rust-lang/crates.io-index"

[[package]]
name = "rust-mustache"
version = "0.3.0"
source = "git+https://github.com/nickel-org/rust-mustache#25bbf4de1936fbfef0ed286419b3cd929e4409f1"
dependencies = [
 "log 0.2.1 (registry+https://github.com/rust-lang/crates.io-index)",
 "rustc-serialize 0.2.10 (registry+https://github.com/rust-lang/crates.io-index)",
]

[[package]]
name = "rustc-serialize"
version = "0.2.10"
source = "registry+https://github.com/rust-lang/crates.io-index"

